{
  "requires": true,
  "lockfileVersion": 1,
  "dependencies": {
    "@types/empower": {
      "version": "1.2.30",
      "resolved": "http://registry.npmjs.org/@types/empower/-/empower-1.2.30.tgz",
      "integrity": "sha1-x8/BSzph5Ux0xnTB+8kbot8NE5I=",
      "dev": true
    },
    "@types/power-assert": {
      "version": "1.5.0",
      "resolved": "http://registry.npmjs.org/@types/power-assert/-/power-assert-1.5.0.tgz",
      "integrity": "sha512-KPoeO2vSMGOOL1g8p/d7mvTTz7SCW7RRcpavqxhFwKZoqsDd1nwPGE9QICIt50b348/9MJYuBdwjUK34Y09XJw==",
      "dev": true,
      "requires": {
        "@types/empower": "*",
        "@types/power-assert-formatter": "*"
      }
    },
    "@types/power-assert-formatter": {
      "version": "1.4.28",
      "resolved": "http://registry.npmjs.org/@types/power-assert-formatter/-/power-assert-formatter-1.4.28.tgz",
      "integrity": "sha1-Jbj922MiJZxrkcNTONObD45SQlI=",
      "dev": true
    },
    "typescript": {
      "version": "3.1.6",
      "resolved": "https://registry.npmjs.org/typescript/-/typescript-3.1.6.tgz",
      "integrity": "sha512-tDMYfVtvpb96msS1lDX9MEdHrW4yOuZ4Kdc4Him9oU796XldPYF/t2+uKoX0BBa0hXXwDlqYQbXY5Rzjzc5hBA==",
      "dev": true
    }
  }
}
